
Microsoft Visual Studio Solution File, Format Version 12.00
# Visual Studio Version 16
VisualStudioVersion = 16.0.34902.97
MinimumVisualStudioVersion = 10.0.40219.1
Project("{FAE04EC0-301F-11D3-BF4B-00C04F79EFBC}") = "Defalut", "Defalut\Defalut.csproj", "{4DE6F484-3D71-4966-9BC1-EDED0B2BD102}"
EndProject
Project("{FAE04EC0-301F-11D3-BF4B-00C04F79EFBC}") = "DefalutControls", "Defalut\src\DefalutControls\DefalutControls.csproj", "{F23BA2A2-E9BF-4B41-8ED0-1E7811DB4FC5}"
EndProject
Global
	GlobalSection(SolutionConfigurationPlatforms) = preSolution
		Debug|Any CPU = Debug|Any CPU
		Release|Any CPU = Release|Any CPU
	EndGlobalSection
	GlobalSection(ProjectConfigurationPlatforms) = postSolution
		{4DE6F484-3D71-4966-9BC1-EDED0B2BD102}.Debug|Any CPU.ActiveCfg = Debug|Any CPU
		{4DE6F484-3D71-4966-9BC1-EDED0B2BD102}.Debug|Any CPU.Build.0 = Debug|Any CPU
		{4DE6F484-3D71-4966-9BC1-EDED0B2BD102}.Release|Any CPU.ActiveCfg = Release|Any CPU
		{4DE6F484-3D71-4966-9BC1-EDED0B2BD102}.Release|Any CPU.Build.0 = Release|Any CPU
		{F23BA2A2-E9BF-4B41-8ED0-1E7811DB4FC5}.Debug|Any CPU.ActiveCfg = Debug|Any CPU
		{F23BA2A2-E9BF-4B41-8ED0-1E7811DB4FC5}.Debug|Any CPU.Build.0 = Debug|Any CPU
		{F23BA2A2-E9BF-4B41-8ED0-1E7811DB4FC5}.Release|Any CPU.ActiveCfg = Release|Any CPU
		{F23BA2A2-E9BF-4B41-8ED0-1E7811DB4FC5}.Release|Any CPU.Build.0 = Release|Any CPU
	EndGlobalSection
	GlobalSection(SolutionProperties) = preSolution
		HideSolutionNode = FALSE
	EndGlobalSection
	GlobalSection(ExtensibilityGlobals) = postSolution
		SolutionGuid = {E591A287-0A37-44FF-8AC7-B9F6A122AED8}
	EndGlobalSection
EndGlobal
