
Microsoft Visual Studio Solution File, Format Version 12.00
# Visual Studio Version 16
VisualStudioVersion = 16.0.34902.97
MinimumVisualStudioVersion = 10.0.40219.1
Project("{FAE04EC0-301F-11D3-BF4B-00C04F79EFBC}") = "MainProject", "MainProject\MainProject.csproj", "{2C3AE407-3C79-4A20-8239-FB8695823738}"
EndProject
Project("{FAE04EC0-301F-11D3-BF4B-00C04F79EFBC}") = "CompanyProject", "CompanyProject\CompanyProject.csproj", "{2E4F6173-18F5-483B-80E7-7EC5914A96F5}"
EndProject
Project("{FAE04EC0-301F-11D3-BF4B-00C04F79EFBC}") = "Comm", "MainProject\src\Comm\Comm.csproj", "{69684F7E-C28F-4532-ACD8-95C94257778C}"
EndProject
Global
	GlobalSection(SolutionConfigurationPlatforms) = preSolution
		Debug|Any CPU = Debug|Any CPU
		Release|Any CPU = Release|Any CPU
	EndGlobalSection
	GlobalSection(ProjectConfigurationPlatforms) = postSolution
		{2C3AE407-3C79-4A20-8239-FB8695823738}.Debug|Any CPU.ActiveCfg = Debug|Any CPU
		{2C3AE407-3C79-4A20-8239-FB8695823738}.Debug|Any CPU.Build.0 = Debug|Any CPU
		{2C3AE407-3C79-4A20-8239-FB8695823738}.Release|Any CPU.ActiveCfg = Release|Any CPU
		{2C3AE407-3C79-4A20-8239-FB8695823738}.Release|Any CPU.Build.0 = Release|Any CPU
		{2E4F6173-18F5-483B-80E7-7EC5914A96F5}.Debug|Any CPU.ActiveCfg = Debug|Any CPU
		{2E4F6173-18F5-483B-80E7-7EC5914A96F5}.Debug|Any CPU.Build.0 = Debug|Any CPU
		{2E4F6173-18F5-483B-80E7-7EC5914A96F5}.Release|Any CPU.ActiveCfg = Release|Any CPU
		{2E4F6173-18F5-483B-80E7-7EC5914A96F5}.Release|Any CPU.Build.0 = Release|Any CPU
		{69684F7E-C28F-4532-ACD8-95C94257778C}.Debug|Any CPU.ActiveCfg = Debug|Any CPU
		{69684F7E-C28F-4532-ACD8-95C94257778C}.Debug|Any CPU.Build.0 = Debug|Any CPU
		{69684F7E-C28F-4532-ACD8-95C94257778C}.Release|Any CPU.ActiveCfg = Release|Any CPU
		{69684F7E-C28F-4532-ACD8-95C94257778C}.Release|Any CPU.Build.0 = Release|Any CPU
	EndGlobalSection
	GlobalSection(SolutionProperties) = preSolution
		HideSolutionNode = FALSE
	EndGlobalSection
	GlobalSection(ExtensibilityGlobals) = postSolution
		SolutionGuid = {EFBAA49A-9CB2-4A7D-914C-FF31563B7A82}
	EndGlobalSection
EndGlobal
