
Microsoft Visual Studio Solution File, Format Version 12.00
# Visual Studio Version 16
VisualStudioVersion = 16.0.34601.136
MinimumVisualStudioVersion = 10.0.40219.1
Project("{FAE04EC0-301F-11D3-BF4B-00C04F79EFBC}") = "WPF.UI.Default", "WPF.UI.Default\WPF.UI.Default.csproj", "{058CB8B8-DA44-431A-B5F4-C3DF3F36BD72}"
EndProject
Global
	GlobalSection(SolutionConfigurationPlatforms) = preSolution
		Debug|Any CPU = Debug|Any CPU
		Release|Any CPU = Release|Any CPU
	EndGlobalSection
	GlobalSection(ProjectConfigurationPlatforms) = postSolution
		{058CB8B8-DA44-431A-B5F4-C3DF3F36BD72}.Debug|Any CPU.ActiveCfg = Debug|Any CPU
		{058CB8B8-DA44-431A-B5F4-C3DF3F36BD72}.Debug|Any CPU.Build.0 = Debug|Any CPU
		{058CB8B8-DA44-431A-B5F4-C3DF3F36BD72}.Release|Any CPU.ActiveCfg = Release|Any CPU
		{058CB8B8-DA44-431A-B5F4-C3DF3F36BD72}.Release|Any CPU.Build.0 = Release|Any CPU
	EndGlobalSection
	GlobalSection(SolutionProperties) = preSolution
		HideSolutionNode = FALSE
	EndGlobalSection
	GlobalSection(ExtensibilityGlobals) = postSolution
		SolutionGuid = {C6AF3B25-D808-4171-9872-33C283EF7FD1}
	EndGlobalSection
EndGlobal
