
Microsoft Visual Studio Solution File, Format Version 12.00
# Visual Studio Version 16
VisualStudioVersion = 16.0.36227.6
MinimumVisualStudioVersion = 10.0.40219.1
Project("{FAE04EC0-301F-11D3-BF4B-00C04F79EFBC}") = "TeamManager", "TeamManager\TeamManager.csproj", "{974AEA1F-FCF0-4458-934A-AF61B31C64DD}"
EndProject
Global
	GlobalSection(SolutionConfigurationPlatforms) = preSolution
		Debug|Any CPU = Debug|Any CPU
		Release|Any CPU = Release|Any CPU
	EndGlobalSection
	GlobalSection(ProjectConfigurationPlatforms) = postSolution
		{974AEA1F-FCF0-4458-934A-AF61B31C64DD}.Debug|Any CPU.ActiveCfg = Debug|Any CPU
		{974AEA1F-FCF0-4458-934A-AF61B31C64DD}.Debug|Any CPU.Build.0 = Debug|Any CPU
		{974AEA1F-FCF0-4458-934A-AF61B31C64DD}.Release|Any CPU.ActiveCfg = Release|Any CPU
		{974AEA1F-FCF0-4458-934A-AF61B31C64DD}.Release|Any CPU.Build.0 = Release|Any CPU
	EndGlobalSection
	GlobalSection(SolutionProperties) = preSolution
		HideSolutionNode = FALSE
	EndGlobalSection
	GlobalSection(ExtensibilityGlobals) = postSolution
		SolutionGuid = {1F82D1FD-9992-43FE-8476-EB4B0DDD9651}
	EndGlobalSection
EndGlobal
